
Microsoft Visual Studio Solution File, Format Version 12.00
# Visual Studio Version 16
VisualStudioVersion = 16.0.30907.101
MinimumVisualStudioVersion = 10.0.40219.1
Project("{FAE04EC0-301F-11D3-BF4B-00C04F79EFBC}") = "RemoveLogLinesAnalyzer", "RemoveLogLinesAnalyzer.csproj", "{87B462AC-E99D-445D-98C4-A8E79E04F96C}"
EndProject
Global
	GlobalSection(SolutionConfigurationPlatforms) = preSolution
		Debug|Any CPU = Debug|Any CPU
		Release|Any CPU = Release|Any CPU
	EndGlobalSection
	GlobalSection(ProjectConfigurationPlatforms) = postSolution
		{87B462AC-E99D-445D-98C4-A8E79E04F96C}.Debug|Any CPU.ActiveCfg = Debug|Any CPU
		{87B462AC-E99D-445D-98C4-A8E79E04F96C}.Debug|Any CPU.Build.0 = Debug|Any CPU
		{87B462AC-E99D-445D-98C4-A8E79E04F96C}.Release|Any CPU.ActiveCfg = Release|Any CPU
		{87B462AC-E99D-445D-98C4-A8E79E04F96C}.Release|Any CPU.Build.0 = Release|Any CPU
	EndGlobalSection
	GlobalSection(SolutionProperties) = preSolution
		HideSolutionNode = FALSE
	EndGlobalSection
	GlobalSection(ExtensibilityGlobals) = postSolution
		SolutionGuid = {27442343-751D-4329-8B43-6921110E38C8}
	EndGlobalSection
EndGlobal
